github.com/BurntSushi/toml v0.3.1/go.mod h1:xHWCNGjB5oqiDr8zfno3MHue2Ht5sIBksp03qcyfWMU=
github.com/apuigsech/seekret v0.0.0-20161231092511-9b1f7ea1b3fd h1:fC+kH7BK48k8xmBAQq/LkP9HZ51BoKS+JSb+yBPLx2k=
github.com/apuigsech/seekret v0.0.0-20161231092511-9b1f7ea1b3fd/go.mod h1:MQe9ewnl3lqr6Ien+Pr9iZRlDIhzXdu4HjtPI6PCGlI=
github.com/apuigsech/seekret-source-dir v0.0.0-20161101151956-464d81254a35 h1:9oE1yQZuU8OIf90XU5cqHLwiIhKsPGJGIzyR6+Ctikw=
github.com/apuigsech/seekret-source-dir v0.0.0-20161101151956-464d81254a35/go.mod h1:yBvRALbfKC6BkRLBfI3MjtsmnjvfmKaFBZlOn2PDeHQ=
github.com/apuigsech/seekret-source-git v0.0.0-20191113160547-6cc674ca4101 h1:ZsvqPJ8jbjxZ3sv/FyHkNKf7leTS3HrpztWEml5UBUQ=
github.com/apuigsech/seekret-source-git v0.0.0-20191113160547-6cc674ca4101/go.mod h1:2rtO0huhwkRu6mLvXYBLAp2M5fyocBhpMb1+YbkZMJA=
github.com/codahale/blake2 v0.0.0-20150924215134-8d10d0420cbf h1:5ZeQB3mThuz5C2MSER6T5GdtXTF9CMMk42F9BOyRsEQ=
github.com/codahale/blake2 v0.0.0-20150924215134-8d10d0420cbf/go.mod h1:BO2rLUAZMrpgh6GBVKi0Gjdqw2MgCtJrtmUdDeZRKjY=
github.com/cpuguy83/go-md2man/v2 v2.0.0-20190314233015-f79a8a8ca69d h1:U+s90UTSYgptZMwQh2aRr3LuazLJIa+Pg3Kc1ylSYVY=
github.com/cpuguy83/go-md2man/v2 v2.0.0-20190314233015-f79a8a8ca69d/go.mod h1:maD7wRr/U5Z6m/iR4s+kqSMx2CaBsrgA7czyZG/E6dU=
github.com/emptyinterface/sshconfig v0.0.0-20161024154117-9c4bfc0173e2 h1:r68g22c8zYcLao8uTCHkt0AZ60P484MPz+BxuBN0WXM=
github.com/emptyinterface/sshconfig v0.0.0-20161024154117-9c4bfc0173e2/go.mod h1:dFF2pt8AyGGENN5JzxKeVjTf2ISP9gpgshao7mmOL88=
github.com/pmezard/go-difflib v1.0.0/go.mod h1:iKH77koFhYxTK1pcRnkKkqfTogsbg7gZNVY4sRDYZ/4=
github.com/russross/blackfriday/v2 v2.0.1 h1:lPqVAte+HuHNfhJ/0LC98ESWRz8afy9tM/0RK8m9o+Q=
github.com/russross/blackfriday/v2 v2.0.1/go.mod h1:+Rmxgy9KzJVeS9/2gXHxylqXiyQDYRxCVz55jmeOWTM=
github.com/shurcooL/sanitized_anchor_name v1.0.0 h1:PdmoCO6wvbs+7yrJyMORt4/BmY5IYyJwS/kOiWx8mHo=
github.com/shurcooL/sanitized_anchor_name v1.0.0/go.mod h1:1NzhyTcUVG4SuEtjjoZeVRXNmyL/1OwPU0+IJeTBvfc=
github.com/urfave/cli v1.22.1 h1:+mkCCcOFKPnCmVYVcURKps1Xe+3zP90gSYGNfRkjoIY=
github.com/urfave/cli v1.22.1/go.mod h1:Gos4lmkARVdJ6EkW0WaNv/tZAAMe9V7XWyB60NtXRu0=
golang.org/x/crypto v0.0.0-20190308221718-c2843e01d9a2/go.mod h1:djNgcEr1/C05ACkg1iLfiJU5Ep61QUkGW8qpdssI0+w=
golang.org/x/crypto v0.0.0-20191112222119-e1110fd1c708 h1:pXVtWnwHkrWD9ru3sDxY/qFK/bfc0egRovX91EjWjf4=
golang.org/x/crypto v0.0.0-20191112222119-e1110fd1c708/go.mod h1:LzIPMQfyMNhhGPhUkYOs5KpL4U8rLKemX1yGLhDgUto=
golang.org/x/net v0.0.0-20190404232315-eb5bcb51f2a3/go.mod h1:t9HGtf8HONx5eT2rtn7q6eTqICYqUVnKs3thJo3Qplg=
golang.org/x/sys v0.0.0-20190215142949-d0b11bdaac8a/go.mod h1:STP8DvDyc/dI5b8T5hshtkjS+E42TnysNCUPdjciGhY=
golang.org/x/sys v0.0.0-20190412213103-97732733099d h1:+R4KGOnez64A81RvjARKc4UT5/tI9ujCIVX+P5KiHuI=
golang.org/x/sys v0.0.0-20190412213103-97732733099d/go.mod h1:h1NjWce9XRLGQEsW7wpKNCjG9DtNlClVuFLEZdDNbEs=
golang.org/x/text v0.3.0/go.mod h1:NqM8EUOU14njkJ3fqMW+pc6Ldnwhi/IjpwHt7yyuwOQ=
gopkg.in/check.v1 v0.0.0-20161208181325-20d25e280405/go.mod h1:Co6ibVJAznAaIkqp8huTwlJQCZ016jof/cbN4VW5Yz0=
gopkg.in/libgit2/git2go.v26 v26.0.0-20190104134959-c9f7fd544d39 h1:t8ZonYWkloKoMg2pBBSH/LYqtlQ6bs7uySKYqXYEre8=
gopkg.in/libgit2/git2go.v26 v26.0.0-20190104134959-c9f7fd544d39/go.mod h1:Fx2mSUbkLzBXfxYSP0L8/Iz7h0fIUJNDUYeRHFuzKH0=
gopkg.in/yaml.v2 v2.2.2/go.mod h1:hI93XBmqTisBFMUTm0b8Fm+jr3Dg1NNxqwp+5A1VGuI=
gopkg.in/yaml.v2 v2.2.5 h1:ymVxjfMaHvXD8RqPRmzHHsB3VvucivSkIAvJFDI5O3c=
gopkg.in/yaml.v2 v2.2.5/go.mod h1:hI93XBmqTisBFMUTm0b8Fm+jr3Dg1NNxqwp+5A1VGuI=
